
Microsoft Visual Studio Solution File, Format Version 12.00
# Visual Studio Version 17
VisualStudioVersion = 17.6.33723.286
MinimumVisualStudioVersion = 10.0.40219.1
Project("{FAE04EC0-301F-11D3-BF4B-00C04F79EFBC}") = "NUMBER ANALYZER - Decision Maker", "NUMBER ANALYZER - Decision Maker\NUMBER ANALYZER - Decision Maker.csproj", "{68EF5750-2615-4925-A2F7-66991A909978}"
EndProject
Global
	GlobalSection(SolutionConfigurationPlatforms) = preSolution
		Debug|Any CPU = Debug|Any CPU
		Release|Any CPU = Release|Any CPU
	EndGlobalSection
	GlobalSection(ProjectConfigurationPlatforms) = postSolution
		{68EF5750-2615-4925-A2F7-66991A909978}.Debug|Any CPU.ActiveCfg = Debug|Any CPU
		{68EF5750-2615-4925-A2F7-66991A909978}.Debug|Any CPU.Build.0 = Debug|Any CPU
		{68EF5750-2615-4925-A2F7-66991A909978}.Release|Any CPU.ActiveCfg = Release|Any CPU
		{68EF5750-2615-4925-A2F7-66991A909978}.Release|Any CPU.Build.0 = Release|Any CPU
	EndGlobalSection
	GlobalSection(SolutionProperties) = preSolution
		HideSolutionNode = FALSE
	EndGlobalSection
	GlobalSection(ExtensibilityGlobals) = postSolution
		SolutionGuid = {06135C32-FC60-42FE-B2EC-C281D07E7CC6}
	EndGlobalSection
EndGlobal
